# This file was autogenerated by Stack.
# You should not edit this file by hand.
# For more information, please see the documentation at:
#   https://docs.haskellstack.org/en/stable/lock_files

packages:
- completed:
    name: cbt
    pantry-tree:
      sha256: 33b9ef3b8a4fb426e1f9c031cce920118bbeff15a56b1e80341cc89bfa5834e1
      size: 1145
    sha256: 19570265f94bd658f816973825921fe5dbb664255ba0c485d9f19a5a93f84826
    size: 159505
    subdir: cbt
    url: https://github.com/mbj/mhs/archive/184fc4c8c9f01ccad0b8d40d911ee92ef81da777.tar.gz
    version: 0.2.4
  original:
    subdir: cbt
    url: https://github.com/mbj/mhs/archive/184fc4c8c9f01ccad0b8d40d911ee92ef81da777.tar.gz
- completed:
    name: conversions
    pantry-tree:
      sha256: 19c5fb53be839c26971a625aee36db46998bd81c3f481838f07e444d0799c5d1
      size: 575
    sha256: 19570265f94bd658f816973825921fe5dbb664255ba0c485d9f19a5a93f84826
    size: 159505
    subdir: conversions
    url: https://github.com/mbj/mhs/archive/184fc4c8c9f01ccad0b8d40d911ee92ef81da777.tar.gz
    version: 0.0.10
  original:
    subdir: conversions
    url: https://github.com/mbj/mhs/archive/184fc4c8c9f01ccad0b8d40d911ee92ef81da777.tar.gz
- completed:
    name: dbt
    pantry-tree:
      sha256: ca2335c63c38c17de165b902148406cff6b7cd3b906c610f8bcfa43d3c0a9cda
      size: 886
    sha256: 19570265f94bd658f816973825921fe5dbb664255ba0c485d9f19a5a93f84826
    size: 159505
    subdir: dbt
    url: https://github.com/mbj/mhs/archive/184fc4c8c9f01ccad0b8d40d911ee92ef81da777.tar.gz
    version: 0.2.0
  original:
    subdir: dbt
    url: https://github.com/mbj/mhs/archive/184fc4c8c9f01ccad0b8d40d911ee92ef81da777.tar.gz
- completed:
    name: devtools
    pantry-tree:
      sha256: 8607d8cf3d74f71be6c285f3d7217e51b88e5da99fd95db90632474b4875289b
      size: 578
    sha256: 19570265f94bd658f816973825921fe5dbb664255ba0c485d9f19a5a93f84826
    size: 159505
    subdir: devtools
    url: https://github.com/mbj/mhs/archive/184fc4c8c9f01ccad0b8d40d911ee92ef81da777.tar.gz
    version: 0.2.0
  original:
    subdir: devtools
    url: https://github.com/mbj/mhs/archive/184fc4c8c9f01ccad0b8d40d911ee92ef81da777.tar.gz
- completed:
    name: mio-core
    pantry-tree:
      sha256: d16301fbfe8f11ad0b4dfb873f11bb3cfcadfbdda6080f98a30409f0a3cbe822
      size: 338
    sha256: 19570265f94bd658f816973825921fe5dbb664255ba0c485d9f19a5a93f84826
    size: 159505
    subdir: mio-core
    url: https://github.com/mbj/mhs/archive/184fc4c8c9f01ccad0b8d40d911ee92ef81da777.tar.gz
    version: 0.0.1
  original:
    subdir: mio-core
    url: https://github.com/mbj/mhs/archive/184fc4c8c9f01ccad0b8d40d911ee92ef81da777.tar.gz
- completed:
    name: mio-log
    pantry-tree:
      sha256: b4167ab664bafbd62b57fc0e2ee1f8cc3bb4b2f9f1eb60fb0aef7e030e7af71c
      size: 461
    sha256: 19570265f94bd658f816973825921fe5dbb664255ba0c485d9f19a5a93f84826
    size: 159505
    subdir: mio-log
    url: https://github.com/mbj/mhs/archive/184fc4c8c9f01ccad0b8d40d911ee92ef81da777.tar.gz
    version: 0.0.3
  original:
    subdir: mio-log
    url: https://github.com/mbj/mhs/archive/184fc4c8c9f01ccad0b8d40d911ee92ef81da777.tar.gz
- completed:
    name: mprelude
    pantry-tree:
      sha256: d1d842e75a9824f5bce3ad4473cb8b5e390a548ddce171475c94386c9b1d3c60
      size: 366
    sha256: 19570265f94bd658f816973825921fe5dbb664255ba0c485d9f19a5a93f84826
    size: 159505
    subdir: mprelude
    url: https://github.com/mbj/mhs/archive/184fc4c8c9f01ccad0b8d40d911ee92ef81da777.tar.gz
    version: 0.2.1
  original:
    subdir: mprelude
    url: https://github.com/mbj/mhs/archive/184fc4c8c9f01ccad0b8d40d911ee92ef81da777.tar.gz
- completed:
    name: source-constraints
    pantry-tree:
      sha256: 96bc61726d31a1601d9d5a0ddf8e180201ce9afe5d7ac400585c6a662ed506bc
      size: 650
    sha256: 19570265f94bd658f816973825921fe5dbb664255ba0c485d9f19a5a93f84826
    size: 159505
    subdir: source-constraints
    url: https://github.com/mbj/mhs/archive/184fc4c8c9f01ccad0b8d40d911ee92ef81da777.tar.gz
    version: 0.0.4
  original:
    subdir: source-constraints
    url: https://github.com/mbj/mhs/archive/184fc4c8c9f01ccad0b8d40d911ee92ef81da777.tar.gz
- completed:
    name: tasty-mgolden
    pantry-tree:
      sha256: 4f375e4e5af8c41a8b387d359a3aadd75125f1617cd55b66abcae6e399385870
      size: 621
    sha256: 19570265f94bd658f816973825921fe5dbb664255ba0c485d9f19a5a93f84826
    size: 159505
    subdir: tasty-mgolden
    url: https://github.com/mbj/mhs/archive/184fc4c8c9f01ccad0b8d40d911ee92ef81da777.tar.gz
    version: 0.0.2
  original:
    subdir: tasty-mgolden
    url: https://github.com/mbj/mhs/archive/184fc4c8c9f01ccad0b8d40d911ee92ef81da777.tar.gz
snapshots:
- completed:
    sha256: c4381351ba5837a6356fcc0ebeb7a61fdcaf3a085c903a6f730f56b131d5cb58
    size: 639143
    url: https://raw.githubusercontent.com/commercialhaskell/stackage-snapshots/master/lts/21/1.yaml
  original: lts-21.1
